{
  "version": 4,
  "terraform_version": "0.14.8",
  "serial": 5,
  "lineage": "a074383e-b98c-7b84-7284-2bcc92b616be",
  "outputs": {},
  "resources": [
    {
      "module": "module.s3_static_website",
      "mode": "managed",
      "type": "aws_s3_bucket",
      "name": "добрыйвечер",
      "provider": "module.s3_static_website.provider[\"registry.terraform.io/hashicorp/aws\"]",
      "instances": [
        {
          "schema_version": 0,
          "attributes": {
            "acceleration_status": "",
            "acl": "public-read",
            "arn": "arn:aws:s3:::test.s3.website",
            "bucket": "test.s3.website",
            "bucket_domain_name": "test.s3.website.s3.amazonaws.com",
            "bucket_prefix": null,
            "bucket_regional_domain_name": "test.s3.website.s3.us-east-2.amazonaws.com",
            "cors_rule": [],
            "force_destroy": false,
            "grant": [],
            "hosted_zone_id": "Z2O1EMRO9K5GLX",
            "id": "test.s3.website",
            "lifecycle_rule": [],
            "logging": [],
            "object_lock_configuration": [],
            "policy": null,
            "region": "us-east-2",
            "replication_configuration": [],
            "request_payer": "BucketOwner",
            "server_side_encryption_configuration": [],
            "tags": null,
            "versioning": [
              {
                "enabled": false,
                "mfa_delete": false
              }
            ],
            "website": [
              {
                "error_document": "error.html",
                "index_document": "index.html",
                "redirect_all_requests_to": "",
                "routing_rules": ""
              }
            ],
            "website_domain": "s3-website.us-east-2.amazonaws.com",
            "website_endpoint": "test.s3.website.s3-website.us-east-2.amazonaws.com"
          },
          "sensitive_attributes": [],
          "private": "bnVsbA=="
        }
      ]
    },
    {
      "module": "module.s3_static_website",
      "mode": "managed",
      "type": "aws_s3_bucket_object",
      "name": "error",
      "provider": "module.s3_static_website.provider[\"registry.terraform.io/hashicorp/aws\"]",
      "instances": [
        {
          "schema_version": 0,
          "attributes": {
            "acl": "public-read",
            "bucket": "test.s3.website",
            "cache_control": "",
            "content": null,
            "content_base64": null,
            "content_disposition": "",
            "content_encoding": "",
            "content_language": "",
            "content_type": "text/html",
            "etag": "f31dc302d7f18d59a0a49935a5d0fbf0",
            "force_destroy": false,
            "id": "error.html",
            "key": "error.html",
            "kms_key_id": null,
            "metadata": null,
            "object_lock_legal_hold_status": "",
            "object_lock_mode": "",
            "object_lock_retain_until_date": "",
            "server_side_encryption": "",
            "source": "/mnt/c/terraform-s3-website/html/error.html",
            "storage_class": "STANDARD",
            "tags": null,
            "version_id": "",
            "website_redirect": ""
          },
          "sensitive_attributes": [],
          "private": "bnVsbA==",
          "dependencies": [
            "module.s3_static_website.aws_s3_bucket.добрыйвечер"
          ]
        }
      ]
    },
    {
      "module": "module.s3_static_website",
      "mode": "managed",
      "type": "aws_s3_bucket_object",
      "name": "index",
      "provider": "module.s3_static_website.provider[\"registry.terraform.io/hashicorp/aws\"]",
      "instances": [
        {
          "schema_version": 0,
          "attributes": {
            "acl": "public-read",
            "bucket": "test.s3.website",
            "cache_control": "",
            "content": null,
            "content_base64": null,
            "content_disposition": "",
            "content_encoding": "",
            "content_language": "",
            "content_type": "text/html",
            "etag": "0a83cb0a692d321d81073983704bfa7d",
            "force_destroy": false,
            "id": "index.html",
            "key": "index.html",
            "kms_key_id": null,
            "metadata": null,
            "object_lock_legal_hold_status": "",
            "object_lock_mode": "",
            "object_lock_retain_until_date": "",
            "server_side_encryption": "",
            "source": "/mnt/c/terraform-s3-website/html/index.html",
            "storage_class": "STANDARD",
            "tags": null,
            "version_id": "",
            "website_redirect": ""
          },
          "sensitive_attributes": [],
          "private": "bnVsbA==",
          "dependencies": [
            "module.s3_static_website.aws_s3_bucket.добрыйвечер"
          ]
        }
      ]
    }
  ]
}
