{
  "version": 4,
  "terraform_version": "0.14.8",
  "serial": 2472,
  "lineage": "c8866f1c-99e7-14c8-ad8e-49d96dd40ce5",
  "outputs": {},
  "resources": [
    {
      "module": "module.alb",
      "mode": "managed",
      "type": "aws_alb",
      "name": "application_load_balancer",
      "provider": "provider[\"registry.terraform.io/hashicorp/aws\"]",
      "instances": [
        {
          "schema_version": 0,
          "attributes": {
            "access_logs": [
              {
                "bucket": "",
                "enabled": false,
                "prefix": ""
              }
            ],
            "arn": "arn:aws:elasticloadbalancing:us-east-2:825035861533:loadbalancer/app/test-lb-tf/fc0b64f910711237",
            "arn_suffix": "app/test-lb-tf/fc0b64f910711237",
            "customer_owned_ipv4_pool": "",
            "dns_name": "test-lb-tf-1122106588.us-east-2.elb.amazonaws.com",
            "drop_invalid_header_fields": false,
            "enable_cross_zone_load_balancing": null,
            "enable_deletion_protection": false,
            "enable_http2": true,
            "id": "arn:aws:elasticloadbalancing:us-east-2:825035861533:loadbalancer/app/test-lb-tf/fc0b64f910711237",
            "idle_timeout": 60,
            "internal": false,
            "ip_address_type": "ipv4",
            "load_balancer_type": "application",
            "name": "test-lb-tf",
            "name_prefix": null,
            "security_groups": [
              "sg-0a9882cbd715db659"
            ],
            "subnet_mapping": [
              {
                "allocation_id": "",
                "ipv6_address": "",
                "outpost_id": "",
                "private_ipv4_address": "",
                "subnet_id": "subnet-01dab02acc7186542"
              },
              {
                "allocation_id": "",
                "ipv6_address": "",
                "outpost_id": "",
                "private_ipv4_address": "",
                "subnet_id": "subnet-0d01a1488ec5d35eb"
              }
            ],
            "subnets": [
              "subnet-01dab02acc7186542",
              "subnet-0d01a1488ec5d35eb"
            ],
            "tags": {},
            "timeouts": null,
            "vpc_id": "vpc-0bca5035d202f6b5c",
            "zone_id": "Z3AADJGX6KTTL2"
          },
          "sensitive_attributes": [],
          "private": "eyJlMmJmYjczMC1lY2FhLTExZTYtOGY4OC0zNDM2M2JjN2M0YzAiOnsiY3JlYXRlIjo2MDAwMDAwMDAwMDAsImRlbGV0ZSI6NjAwMDAwMDAwMDAwLCJ1cGRhdGUiOjYwMDAwMDAwMDAwMH19",
          "dependencies": [
            "module.vpc.aws_security_group.aws_security_group",
            "module.vpc.aws_subnet.private_subnet_b",
            "module.vpc.aws_subnet.public_subnet_a",
            "module.vpc.aws_vpc.aws_vpc"
          ]
        }
      ]
    },
    {
      "module": "module.alb",
      "mode": "managed",
      "type": "aws_lb_listener",
      "name": "listener",
      "provider": "provider[\"registry.terraform.io/hashicorp/aws\"]",
      "instances": [
        {
          "schema_version": 0,
          "attributes": {
            "arn": "arn:aws:elasticloadbalancing:us-east-2:825035861533:listener/app/test-lb-tf/fc0b64f910711237/0e1e1faff27ee623",
            "certificate_arn": null,
            "default_action": [
              {
                "authenticate_cognito": [],
                "authenticate_oidc": [],
                "fixed_response": [],
                "forward": [],
                "order": 1,
                "redirect": [],
                "target_group_arn": "arn:aws:elasticloadbalancing:us-east-2:825035861533:targetgroup/target-group/9133ce06d8e797b8",
                "type": "forward"
              }
            ],
            "id": "arn:aws:elasticloadbalancing:us-east-2:825035861533:listener/app/test-lb-tf/fc0b64f910711237/0e1e1faff27ee623",
            "load_balancer_arn": "arn:aws:elasticloadbalancing:us-east-2:825035861533:loadbalancer/app/test-lb-tf/fc0b64f910711237",
            "port": 80,
            "protocol": "HTTP",
            "ssl_policy": "",
            "timeouts": null
          },
          "sensitive_attributes": [],
          "private": "eyJlMmJmYjczMC1lY2FhLTExZTYtOGY4OC0zNDM2M2JjN2M0YzAiOnsicmVhZCI6NjAwMDAwMDAwMDAwfX0=",
          "dependencies": [
            "module.alb.aws_alb.application_load_balancer",
            "module.alb.aws_lb_target_group.target_group",
            "module.vpc.aws_security_group.aws_security_group",
            "module.vpc.aws_subnet.private_subnet_b",
            "module.vpc.aws_subnet.public_subnet_a",
            "module.vpc.aws_vpc.aws_vpc"
          ]
        }
      ]
    },
    {
      "module": "module.alb",
      "mode": "managed",
      "type": "aws_lb_target_group",
      "name": "target_group",
      "provider": "provider[\"registry.terraform.io/hashicorp/aws\"]",
      "instances": [
        {
          "schema_version": 0,
          "attributes": {
            "arn": "arn:aws:elasticloadbalancing:us-east-2:825035861533:targetgroup/target-group/9133ce06d8e797b8",
            "arn_suffix": "targetgroup/target-group/9133ce06d8e797b8",
            "deregistration_delay": 300,
            "health_check": [
              {
                "enabled": true,
                "healthy_threshold": 3,
                "interval": 30,
                "matcher": "200,301,302",
                "path": "/",
                "port": "traffic-port",
                "protocol": "HTTP",
                "timeout": 5,
                "unhealthy_threshold": 3
              }
            ],
            "id": "arn:aws:elasticloadbalancing:us-east-2:825035861533:targetgroup/target-group/9133ce06d8e797b8",
            "lambda_multi_value_headers_enabled": false,
            "load_balancing_algorithm_type": "round_robin",
            "name": "target-group",
            "name_prefix": null,
            "port": 80,
            "preserve_client_ip": null,
            "protocol": "HTTP",
            "protocol_version": "HTTP1",
            "proxy_protocol_v2": false,
            "slow_start": 0,
            "stickiness": [
              {
                "cookie_duration": 86400,
                "enabled": false,
                "type": "lb_cookie"
              }
            ],
            "tags": {},
            "target_type": "ip",
            "vpc_id": "vpc-0bca5035d202f6b5c"
          },
          "sensitive_attributes": [],
          "private": "bnVsbA==",
          "dependencies": [
            "module.vpc.aws_vpc.aws_vpc"
          ]
        }
      ]
    },
    {
      "module": "module.codepipeline",
      "mode": "data",
      "type": "aws_codestarconnections_connection",
      "name": "git_hub",
      "provider": "provider[\"registry.terraform.io/hashicorp/aws\"]",
      "instances": [
        {
          "schema_version": 0,
          "attributes": {
            "arn": "arn:aws:codestar-connections:us-east-2:825035861533:connection/bc54981a-5a6e-411f-b1b7-40b8d863ad8e",
            "connection_status": "AVAILABLE",
            "id": "arn:aws:codestar-connections:us-east-2:825035861533:connection/bc54981a-5a6e-411f-b1b7-40b8d863ad8e",
            "name": "git_hub_impalla215",
            "provider_type": "GitHub",
            "tags": {}
          },
          "sensitive_attributes": []
        }
      ]
    },
    {
      "module": "module.codepipeline",
      "mode": "data",
      "type": "aws_kms_alias",
      "name": "s3kmskey",
      "provider": "provider[\"registry.terraform.io/hashicorp/aws\"]",
      "instances": [
        {
          "schema_version": 0,
          "attributes": {
            "arn": "arn:aws:kms:us-east-2:825035861533:alias/aws/s3",
            "id": "arn:aws:kms:us-east-2:825035861533:alias/aws/s3",
            "name": "alias/aws/s3",
            "target_key_arn": "arn:aws:kms:us-east-2:825035861533:key/2aaf7b7f-57f3-4caa-9685-1d1e0fbccbc7",
            "target_key_id": "2aaf7b7f-57f3-4caa-9685-1d1e0fbccbc7"
          },
          "sensitive_attributes": []
        }
      ]
    },
    {
      "module": "module.codepipeline",
      "mode": "managed",
      "type": "aws_codebuild_project",
      "name": "nginxproject",
      "provider": "provider[\"registry.terraform.io/hashicorp/aws\"]",
      "instances": [
        {
          "schema_version": 0,
          "attributes": {
            "arn": "arn:aws:codebuild:us-east-2:825035861533:project/test-project-nginx",
            "artifacts": [
              {
                "artifact_identifier": "",
                "encryption_disabled": false,
                "location": "",
                "name": "test-project-nginx",
                "namespace_type": "",
                "override_artifact_name": false,
                "packaging": "NONE",
                "path": "",
                "type": "CODEPIPELINE"
              }
            ],
            "badge_enabled": false,
            "badge_url": "",
            "build_timeout": 60,
            "cache": [
              {
                "location": "code-pipeline-code-build",
                "modes": [],
                "type": "S3"
              }
            ],
            "description": "test_codebuild",
            "encryption_key": "arn:aws:kms:us-east-2:825035861533:alias/aws/s3",
            "environment": [
              {
                "certificate": "",
                "compute_type": "BUILD_GENERAL1_SMALL",
                "environment_variable": [],
                "image": "aws/codebuild/standard:3.0",
                "image_pull_credentials_type": "CODEBUILD",
                "privileged_mode": true,
                "registry_credential": [],
                "type": "LINUX_CONTAINER"
              }
            ],
            "id": "arn:aws:codebuild:us-east-2:825035861533:project/test-project-nginx",
            "logs_config": [
              {
                "cloudwatch_logs": [
                  {
                    "group_name": "",
                    "status": "ENABLED",
                    "stream_name": ""
                  }
                ],
                "s3_logs": [
                  {
                    "encryption_disabled": false,
                    "location": "",
                    "status": "DISABLED"
                  }
                ]
              }
            ],
            "name": "test-project-nginx",
            "queued_timeout": 480,
            "secondary_artifacts": [],
            "secondary_sources": [],
            "service_role": "arn:aws:iam::825035861533:role/codebuild",
            "source": [
              {
                "auth": [],
                "buildspec": "buildspec.yml",
                "git_clone_depth": 0,
                "git_submodules_config": [],
                "insecure_ssl": false,
                "location": "",
                "report_build_status": false,
                "type": "CODEPIPELINE"
              }
            ],
            "source_version": "",
            "tags": {
              "Environment": "Test"
            },
            "vpc_config": []
          },
          "sensitive_attributes": [],
          "private": "bnVsbA==",
          "dependencies": [
            "module.codepipeline.aws_iam_role.codebuild",
            "module.codepipeline.aws_s3_bucket.bucket_code_build"
          ]
        }
      ]
    },
    {
      "module": "module.codepipeline",
      "mode": "managed",
      "type": "aws_codepipeline",
      "name": "codepipeline",
      "provider": "provider[\"registry.terraform.io/hashicorp/aws\"]",
      "instances": [
        {
          "schema_version": 0,
          "attributes": {
            "arn": "arn:aws:codepipeline:us-east-2:825035861533:nginx-pipeline",
            "artifact_store": [
              {
                "encryption_key": [
                  {
                    "id": "arn:aws:kms:us-east-2:825035861533:alias/aws/s3",
                    "type": "KMS"
                  }
                ],
                "location": "code-pipeline-bucket-my-bucket",
                "region": "",
                "type": "S3"
              }
            ],
            "id": "nginx-pipeline",
            "name": "nginx-pipeline",
            "role_arn": "arn:aws:iam::825035861533:role/nginx-pipeline_role",
            "stage": [
              {
                "action": [
                  {
                    "category": "Source",
                    "configuration": {
                      "BranchName": "develop",
                      "ConnectionArn": "arn:aws:codestar-connections:us-east-2:825035861533:connection/bc54981a-5a6e-411f-b1b7-40b8d863ad8e",
                      "FullRepositoryId": "impalla215/develops_aws"
                    },
                    "input_artifacts": null,
                    "name": "Source",
                    "namespace": "",
                    "output_artifacts": [
                      "source_output"
                    ],
                    "owner": "AWS",
                    "provider": "CodeStarSourceConnection",
                    "region": "",
                    "role_arn": "",
                    "run_order": 1,
                    "version": "1"
                  }
                ],
                "name": "Source"
              },
              {
                "action": [
                  {
                    "category": "Build",
                    "configuration": {
                      "ProjectName": "nginx-code_build"
                    },
                    "input_artifacts": [
                      "source_output"
                    ],
                    "name": "Build",
                    "namespace": "",
                    "output_artifacts": [
                      "build_output"
                    ],
                    "owner": "AWS",
                    "provider": "CodeBuild",
                    "region": "",
                    "role_arn": "",
                    "run_order": 1,
                    "version": "1"
                  }
                ],
                "name": "Build"
              },
              {
                "action": [
                  {
                    "category": "Deploy",
                    "configuration": {
                      "ClusterName": "my-cluster",
                      "ServiceName": "service"
                    },
                    "input_artifacts": [
                      "build_output"
                    ],
                    "name": "Deploy",
                    "namespace": "",
                    "output_artifacts": null,
                    "owner": "AWS",
                    "provider": "ECS",
                    "region": "",
                    "role_arn": "",
                    "run_order": 1,
                    "version": "1"
                  }
                ],
                "name": "Deploy"
              }
            ],
            "tags": null
          },
          "sensitive_attributes": [],
          "private": "bnVsbA==",
          "dependencies": [
            "module.codepipeline.aws_iam_role.codepipeline",
            "module.codepipeline.aws_s3_bucket.pipeline_bucket123",
            "module.codepipeline.data.aws_codestarconnections_connection.git_hub",
            "module.codepipeline.data.aws_kms_alias.s3kmskey"
          ]
        }
      ]
    },
    {
      "module": "module.codepipeline",
      "mode": "managed",
      "type": "aws_iam_role",
      "name": "codebuild",
      "provider": "provider[\"registry.terraform.io/hashicorp/aws\"]",
      "instances": [
        {
          "schema_version": 0,
          "attributes": {
            "arn": "arn:aws:iam::825035861533:role/codebuild",
            "assume_role_policy": "{\"Version\":\"2012-10-17\",\"Statement\":[{\"Effect\":\"Allow\",\"Principal\":{\"Service\":\"codebuild.amazonaws.com\"},\"Action\":\"sts:AssumeRole\"}]}",
            "create_date": "2021-04-14T11:04:41Z",
            "description": "",
            "force_detach_policies": false,
            "id": "codebuild",
            "inline_policy": [
              {
                "name": "",
                "policy": ""
              }
            ],
            "managed_policy_arns": [],
            "max_session_duration": 3600,
            "name": "codebuild",
            "name_prefix": null,
            "path": "/",
            "permissions_boundary": null,
            "tags": null,
            "unique_id": "AROA4AF7YFYORN4D5IHRG"
          },
          "sensitive_attributes": [],
          "private": "bnVsbA=="
        }
      ]
    },
    {
      "module": "module.codepipeline",
      "mode": "managed",
      "type": "aws_iam_role",
      "name": "codepipeline",
      "provider": "provider[\"registry.terraform.io/hashicorp/aws\"]",
      "instances": [
        {
          "schema_version": 0,
          "attributes": {
            "arn": "arn:aws:iam::825035861533:role/nginx-pipeline_role",
            "assume_role_policy": "{\"Version\":\"2012-10-17\",\"Statement\":[{\"Effect\":\"Allow\",\"Principal\":{\"Service\":\"codepipeline.amazonaws.com\"},\"Action\":\"sts:AssumeRole\"}]}",
            "create_date": "2021-04-14T11:04:41Z",
            "description": "",
            "force_detach_policies": false,
            "id": "nginx-pipeline_role",
            "inline_policy": [
              {
                "name": "",
                "policy": ""
              }
            ],
            "managed_policy_arns": [],
            "max_session_duration": 3600,
            "name": "nginx-pipeline_role",
            "name_prefix": null,
            "path": "/",
            "permissions_boundary": null,
            "tags": null,
            "unique_id": "AROA4AF7YFYOXYSRYDK26"
          },
          "sensitive_attributes": [],
          "private": "bnVsbA=="
        }
      ]
    },
    {
      "module": "module.codepipeline",
      "mode": "managed",
      "type": "aws_iam_role_policy",
      "name": "codepipeline_policy",
      "provider": "provider[\"registry.terraform.io/hashicorp/aws\"]",
      "instances": [
        {
          "schema_version": 0,
          "attributes": {
            "id": "nginx-pipeline_role:nginx-pipeline_policy",
            "name": "nginx-pipeline_policy",
            "name_prefix": null,
            "policy": "{\r\n  \"Version\": \"2012-10-17\",\r\n  \"Statement\": [\r\n    {\r\n      \"Effect\":\"Allow\",\r\n      \"Action\": [\r\n        \"s3:GetObject\",\r\n        \"s3:GetObjectVersion\",\r\n        \"s3:GetBucketVersioning\",\r\n        \"s3:PutObject\"\r\n      ],\r\n      \"Resource\": [\r\n        \"arn:aws:s3:::code-pipeline-bucket-my-bucket\",\r\n        \"arn:aws:s3:::code-pipeline-bucket-my-bucket/*\"\r\n      ]\r\n    },\r\n    {\r\n      \"Effect\": \"Allow\",\r\n      \"Action\": [\r\n        \"codebuild:BatchGetBuilds\",\r\n        \"codebuild:StartBuild\"\r\n      ],\r\n      \"Resource\": \"*\"\r\n    }\r\n  ]\r\n}\r\n",
            "role": "nginx-pipeline_role"
          },
          "sensitive_attributes": [],
          "private": "bnVsbA==",
          "dependencies": [
            "module.codepipeline.aws_iam_role.codepipeline",
            "module.codepipeline.aws_s3_bucket.pipeline_bucket123"
          ]
        }
      ]
    },
    {
      "module": "module.codepipeline",
      "mode": "managed",
      "type": "aws_iam_role_policy",
      "name": "police_for_codebuild",
      "provider": "provider[\"registry.terraform.io/hashicorp/aws\"]",
      "instances": [
        {
          "schema_version": 0,
          "attributes": {
            "id": "codebuild:my_roles",
            "name": "my_roles",
            "name_prefix": null,
            "policy": "{\r\n  \"Version\": \"2012-10-17\",\r\n  \"Statement\": [\r\n    {\r\n      \"Effect\": \"Allow\",\r\n      \"Resource\": [\r\n        \"*\"\r\n      ],\r\n      \"Action\": [\r\n        \"logs:CreateLogGroup\",\r\n        \"logs:CreateLogStream\",\r\n        \"logs:PutLogEvents\"\r\n      ]\r\n    },\r\n    {\r\n      \"Effect\": \"Allow\",\r\n      \"Action\": [\r\n        \"ec2:CreateNetworkInterface\",\r\n        \"ec2:DescribeDhcpOptions\",\r\n        \"ec2:DescribeNetworkInterfaces\",\r\n        \"ec2:DeleteNetworkInterface\",\r\n        \"ec2:DescribeSubnets\",\r\n        \"ec2:DescribeSecurityGroups\",\r\n        \"ec2:DescribeVpcs\"\r\n      ],\r\n      \"Resource\": \"*\"\r\n    },\r\n    {\r\n      \"Effect\": \"Allow\",\r\n      \"Action\": [\r\n        \"ecr:GetAuthorizationToken\",\r\n        \"ecr:BatchCheckLayerAvailability\",\r\n        \"ecr:GetDownloadUrlForLayer\",\r\n        \"ecr:BatchGetImage\",\r\n        \"logs:CreateLogStream\",\r\n        \"logs:PutLogEvents\"\r\n      ],\r\n      \"Resource\": \"*\"\r\n    },\r\n    {\r\n      \"Effect\": \"Allow\",\r\n      \"Action\": [\r\n        \"ec2:CreateNetworkInterfacePermission\"\r\n      ],\r\n      \"Resource\": [\r\n        \"arn:aws:ec2:us-east-1:123456789012:network-interface/*\"\r\n      ],\r\n      \"Condition\": {\r\n        \"StringEquals\": {\r\n          \"ec2:Subnet\": [\r\n            \"var.private_subnet_b\"\r\n          ],\r\n          \"ec2:AuthorizedService\": \"codebuild.amazonaws.com\"\r\n        }\r\n      }\r\n    },\r\n    {\r\n      \"Effect\": \"Allow\",\r\n      \"Action\": [\r\n        \"s3:*\"\r\n      ],\r\n      \"Resource\": [\r\n        \"arn:aws:s3:::code-pipeline-code-build\",\r\n        \"arn:aws:s3:::code-pipeline-code-build/*\"\r\n      ]\r\n    }\r\n  ]\r\n}\r\n",
            "role": "codebuild"
          },
          "sensitive_attributes": [],
          "private": "bnVsbA==",
          "dependencies": [
            "module.codepipeline.aws_iam_role.codebuild",
            "module.codepipeline.aws_s3_bucket.bucket_code_build"
          ]
        }
      ]
    },
    {
      "module": "module.codepipeline",
      "mode": "managed",
      "type": "aws_iam_role_policy_attachment",
      "name": "ecs_task_execution_role_policy_attach",
      "provider": "provider[\"registry.terraform.io/hashicorp/aws\"]",
      "instances": [
        {
          "index_key": 0,
          "schema_version": 0,
          "attributes": {
            "id": "nginx-pipeline_role-2021041411045082970000000e",
            "policy_arn": "arn:aws:iam::aws:policy/AWSCodeStarFullAccess",
            "role": "nginx-pipeline_role"
          },
          "sensitive_attributes": [],
          "private": "bnVsbA==",
          "dependencies": [
            "module.codepipeline.aws_iam_role.codepipeline"
          ]
        },
        {
          "index_key": 1,
          "schema_version": 0,
          "attributes": {
            "id": "nginx-pipeline_role-20210414110447875600000008",
            "policy_arn": "arn:aws:iam::aws:policy/AmazonEC2ContainerRegistryFullAccess",
            "role": "nginx-pipeline_role"
          },
          "sensitive_attributes": [],
          "private": "bnVsbA==",
          "dependencies": [
            "module.codepipeline.aws_iam_role.codepipeline"
          ]
        },
        {
          "index_key": 2,
          "schema_version": 0,
          "attributes": {
            "id": "nginx-pipeline_role-2021041411045076090000000d",
            "policy_arn": "arn:aws:iam::aws:policy/AmazonS3FullAccess",
            "role": "nginx-pipeline_role"
          },
          "sensitive_attributes": [],
          "private": "bnVsbA==",
          "dependencies": [
            "module.codepipeline.aws_iam_role.codepipeline"
          ]
        },
        {
          "index_key": 3,
          "schema_version": 0,
          "attributes": {
            "id": "nginx-pipeline_role-2021041411044795790000000a",
            "policy_arn": "arn:aws:iam::aws:policy/AmazonEC2ContainerRegistryPowerUser",
            "role": "nginx-pipeline_role"
          },
          "sensitive_attributes": [],
          "private": "bnVsbA==",
          "dependencies": [
            "module.codepipeline.aws_iam_role.codepipeline"
          ]
        },
        {
          "index_key": 4,
          "schema_version": 0,
          "attributes": {
            "id": "nginx-pipeline_role-20210414110447922700000009",
            "policy_arn": "arn:aws:iam::aws:policy/AmazonElasticContainerRegistryPublicFullAccess",
            "role": "nginx-pipeline_role"
          },
          "sensitive_attributes": [],
          "private": "bnVsbA==",
          "dependencies": [
            "module.codepipeline.aws_iam_role.codepipeline"
          ]
        },
        {
          "index_key": 5,
          "schema_version": 0,
          "attributes": {
            "id": "nginx-pipeline_role-2021041411044827670000000b",
            "policy_arn": "arn:aws:iam::aws:policy/AmazonElasticContainerRegistryPublicPowerUser",
            "role": "nginx-pipeline_role"
          },
          "sensitive_attributes": [],
          "private": "bnVsbA==",
          "dependencies": [
            "module.codepipeline.aws_iam_role.codepipeline"
          ]
        },
        {
          "index_key": 6,
          "schema_version": 0,
          "attributes": {
            "id": "nginx-pipeline_role-2021041411044832160000000c",
            "policy_arn": "arn:aws:iam::aws:policy/service-role/AWSCodeStarServiceRole",
            "role": "nginx-pipeline_role"
          },
          "sensitive_attributes": [],
          "private": "bnVsbA==",
          "dependencies": [
            "module.codepipeline.aws_iam_role.codepipeline"
          ]
        }
      ]
    },
    {
      "module": "module.codepipeline",
      "mode": "managed",
      "type": "aws_iam_role_policy_attachment",
      "name": "ecs_task_execution_role_policy_attach_code",
      "provider": "provider[\"registry.terraform.io/hashicorp/aws\"]",
      "instances": [
        {
          "index_key": 0,
          "schema_version": 0,
          "attributes": {
            "id": "codebuild-20210414110445215100000005",
            "policy_arn": "arn:aws:iam::aws:policy/AWSCodeStarFullAccess",
            "role": "codebuild"
          },
          "sensitive_attributes": [],
          "private": "bnVsbA==",
          "dependencies": [
            "module.codepipeline.aws_iam_role.codebuild"
          ]
        },
        {
          "index_key": 1,
          "schema_version": 0,
          "attributes": {
            "id": "codebuild-20210414110445147000000003",
            "policy_arn": "arn:aws:iam::aws:policy/AmazonEC2ContainerRegistryFullAccess",
            "role": "codebuild"
          },
          "sensitive_attributes": [],
          "private": "bnVsbA==",
          "dependencies": [
            "module.codepipeline.aws_iam_role.codebuild"
          ]
        },
        {
          "index_key": 2,
          "schema_version": 0,
          "attributes": {
            "id": "codebuild-20210414110445126400000002",
            "policy_arn": "arn:aws:iam::aws:policy/AmazonS3FullAccess",
            "role": "codebuild"
          },
          "sensitive_attributes": [],
          "private": "bnVsbA==",
          "dependencies": [
            "module.codepipeline.aws_iam_role.codebuild"
          ]
        },
        {
          "index_key": 3,
          "schema_version": 0,
          "attributes": {
            "id": "codebuild-20210414110445222600000006",
            "policy_arn": "arn:aws:iam::aws:policy/AmazonEC2ContainerRegistryPowerUser",
            "role": "codebuild"
          },
          "sensitive_attributes": [],
          "private": "bnVsbA==",
          "dependencies": [
            "module.codepipeline.aws_iam_role.codebuild"
          ]
        },
        {
          "index_key": 4,
          "schema_version": 0,
          "attributes": {
            "id": "codebuild-20210414110447625600000007",
            "policy_arn": "arn:aws:iam::aws:policy/AmazonElasticContainerRegistryPublicFullAccess",
            "role": "codebuild"
          },
          "sensitive_attributes": [],
          "private": "bnVsbA==",
          "dependencies": [
            "module.codepipeline.aws_iam_role.codebuild"
          ]
        },
        {
          "index_key": 5,
          "schema_version": 0,
          "attributes": {
            "id": "codebuild-20210414110445103400000001",
            "policy_arn": "arn:aws:iam::aws:policy/AmazonElasticContainerRegistryPublicPowerUser",
            "role": "codebuild"
          },
          "sensitive_attributes": [],
          "private": "bnVsbA==",
          "dependencies": [
            "module.codepipeline.aws_iam_role.codebuild"
          ]
        },
        {
          "index_key": 6,
          "schema_version": 0,
          "attributes": {
            "id": "codebuild-20210414110445187500000004",
            "policy_arn": "arn:aws:iam::aws:policy/service-role/AWSCodeStarServiceRole",
            "role": "codebuild"
          },
          "sensitive_attributes": [],
          "private": "bnVsbA==",
          "dependencies": [
            "module.codepipeline.aws_iam_role.codebuild"
          ]
        }
      ]
    },
    {
      "module": "module.codepipeline",
      "mode": "managed",
      "type": "aws_s3_bucket",
      "name": "bucket_code_build",
      "provider": "provider[\"registry.terraform.io/hashicorp/aws\"]",
      "instances": [
        {
          "schema_version": 0,
          "attributes": {
            "acceleration_status": "",
            "acl": "private",
            "arn": "arn:aws:s3:::code-pipeline-code-build",
            "bucket": "code-pipeline-code-build",
            "bucket_domain_name": "code-pipeline-code-build.s3.amazonaws.com",
            "bucket_prefix": null,
            "bucket_regional_domain_name": "code-pipeline-code-build.s3.us-east-2.amazonaws.com",
            "cors_rule": [],
            "force_destroy": false,
            "grant": [],
            "hosted_zone_id": "Z2O1EMRO9K5GLX",
            "id": "code-pipeline-code-build",
            "lifecycle_rule": [],
            "logging": [],
            "object_lock_configuration": [],
            "policy": null,
            "region": "us-east-2",
            "replication_configuration": [],
            "request_payer": "BucketOwner",
            "server_side_encryption_configuration": [],
            "tags": {},
            "versioning": [
              {
                "enabled": false,
                "mfa_delete": false
              }
            ],
            "website": [],
            "website_domain": null,
            "website_endpoint": null
          },
          "sensitive_attributes": [],
          "private": "bnVsbA=="
        }
      ]
    },
    {
      "module": "module.codepipeline",
      "mode": "managed",
      "type": "aws_s3_bucket",
      "name": "pipeline_bucket123",
      "provider": "provider[\"registry.terraform.io/hashicorp/aws\"]",
      "instances": [
        {
          "schema_version": 0,
          "attributes": {
            "acceleration_status": "",
            "acl": "private",
            "arn": "arn:aws:s3:::code-pipeline-bucket-my-bucket",
            "bucket": "code-pipeline-bucket-my-bucket",
            "bucket_domain_name": "code-pipeline-bucket-my-bucket.s3.amazonaws.com",
            "bucket_prefix": null,
            "bucket_regional_domain_name": "code-pipeline-bucket-my-bucket.s3.us-east-2.amazonaws.com",
            "cors_rule": [],
            "force_destroy": false,
            "grant": [],
            "hosted_zone_id": "Z2O1EMRO9K5GLX",
            "id": "code-pipeline-bucket-my-bucket",
            "lifecycle_rule": [],
            "logging": [],
            "object_lock_configuration": [],
            "policy": null,
            "region": "us-east-2",
            "replication_configuration": [],
            "request_payer": "BucketOwner",
            "server_side_encryption_configuration": [],
            "tags": {
              "Environment": "Dev",
              "Name": "pipeline_bucket"
            },
            "versioning": [
              {
                "enabled": false,
                "mfa_delete": false
              }
            ],
            "website": [],
            "website_domain": null,
            "website_endpoint": null
          },
          "sensitive_attributes": [],
          "private": "bnVsbA=="
        }
      ]
    },
    {
      "module": "module.ecs",
      "mode": "data",
      "type": "aws_iam_policy_document",
      "name": "assume_role_policy",
      "provider": "provider[\"registry.terraform.io/hashicorp/aws\"]",
      "instances": [
        {
          "schema_version": 0,
          "attributes": {
            "id": "320642683",
            "json": "{\n  \"Version\": \"2012-10-17\",\n  \"Statement\": [\n    {\n      \"Sid\": \"\",\n      \"Effect\": \"Allow\",\n      \"Action\": \"sts:AssumeRole\",\n      \"Principal\": {\n        \"Service\": \"ecs-tasks.amazonaws.com\"\n      }\n    }\n  ]\n}",
            "override_json": null,
            "override_policy_documents": null,
            "policy_id": null,
            "source_json": null,
            "source_policy_documents": null,
            "statement": [
              {
                "actions": [
                  "sts:AssumeRole"
                ],
                "condition": [],
                "effect": "Allow",
                "not_actions": [],
                "not_principals": [],
                "not_resources": [],
                "principals": [
                  {
                    "identifiers": [
                      "ecs-tasks.amazonaws.com"
                    ],
                    "type": "Service"
                  }
                ],
                "resources": [],
                "sid": ""
              }
            ],
            "version": "2012-10-17"
          },
          "sensitive_attributes": []
        }
      ]
    },
    {
      "module": "module.ecs",
      "mode": "managed",
      "type": "aws_ecs_cluster",
      "name": "my_cluster",
      "provider": "provider[\"registry.terraform.io/hashicorp/aws\"]",
      "instances": [
        {
          "schema_version": 0,
          "attributes": {
            "arn": "arn:aws:ecs:us-east-2:825035861533:cluster/my-cluster",
            "capacity_providers": [],
            "default_capacity_provider_strategy": [],
            "id": "arn:aws:ecs:us-east-2:825035861533:cluster/my-cluster",
            "name": "my-cluster",
            "setting": [
              {
                "name": "containerInsights",
                "value": "disabled"
              }
            ],
            "tags": {}
          },
          "sensitive_attributes": [],
          "private": "bnVsbA=="
        }
      ]
    },
    {
      "module": "module.ecs",
      "mode": "managed",
      "type": "aws_ecs_service",
      "name": "service",
      "provider": "provider[\"registry.terraform.io/hashicorp/aws\"]",
      "instances": [
        {
          "schema_version": 0,
          "attributes": {
            "capacity_provider_strategy": [],
            "cluster": "arn:aws:ecs:us-east-2:825035861533:cluster/my-cluster",
            "deployment_circuit_breaker": [
              {
                "enable": false,
                "rollback": false
              }
            ],
            "deployment_controller": [
              {
                "type": "ECS"
              }
            ],
            "deployment_maximum_percent": 200,
            "deployment_minimum_healthy_percent": 100,
            "desired_count": 1,
            "enable_ecs_managed_tags": false,
            "enable_execute_command": false,
            "force_new_deployment": null,
            "health_check_grace_period_seconds": 0,
            "iam_role": "aws-service-role",
            "id": "arn:aws:ecs:us-east-2:825035861533:service/my-cluster/service",
            "launch_type": "FARGATE",
            "load_balancer": [
              {
                "container_name": "service",
                "container_port": 80,
                "elb_name": "",
                "target_group_arn": "arn:aws:elasticloadbalancing:us-east-2:825035861533:targetgroup/target-group/9133ce06d8e797b8"
              }
            ],
            "name": "service",
            "network_configuration": [
              {
                "assign_public_ip": false,
                "security_groups": [
                  "sg-0a9882cbd715db659"
                ],
                "subnets": [
                  "subnet-0d01a1488ec5d35eb"
                ]
              }
            ],
            "ordered_placement_strategy": [],
            "placement_constraints": [],
            "platform_version": "LATEST",
            "propagate_tags": "NONE",
            "scheduling_strategy": "REPLICA",
            "service_registries": [],
            "tags": {},
            "task_definition": "arn:aws:ecs:us-east-2:825035861533:task-definition/service:56",
            "timeouts": null,
            "wait_for_steady_state": false
          },
          "sensitive_attributes": [],
          "private": "eyJlMmJmYjczMC1lY2FhLTExZTYtOGY4OC0zNDM2M2JjN2M0YzAiOnsiZGVsZXRlIjoxMjAwMDAwMDAwMDAwfX0=",
          "dependencies": [
            "module.alb.aws_lb_target_group.target_group",
            "module.ecs.aws_ecs_cluster.my_cluster",
            "module.ecs.aws_ecs_task_definition.service",
            "module.vpc.aws_security_group.aws_security_group",
            "module.vpc.aws_subnet.private_subnet_b"
          ]
        }
      ]
    },
    {
      "module": "module.ecs",
      "mode": "managed",
      "type": "aws_ecs_task_definition",
      "name": "service",
      "provider": "provider[\"registry.terraform.io/hashicorp/aws\"]",
      "instances": [
        {
          "schema_version": 1,
          "attributes": {
            "arn": "arn:aws:ecs:us-east-2:825035861533:task-definition/service:56",
            "container_definitions": "[{\"cpu\":256,\"environment\":[],\"essential\":true,\"image\":\"825035861533.dkr.ecr.us-east-2.amazonaws.com/my-first-ecr-repo:latest\",\"memory\":512,\"mountPoints\":[],\"name\":\"service\",\"portMappings\":[{\"containerPort\":80,\"hostPort\":80,\"protocol\":\"tcp\"}],\"volumesFrom\":[]}]",
            "cpu": "256",
            "execution_role_arn": "arn:aws:iam::825035861533:role/ecs_task_execution",
            "family": "service",
            "id": "service",
            "inference_accelerator": [],
            "ipc_mode": "",
            "memory": "512",
            "network_mode": "awsvpc",
            "pid_mode": "",
            "placement_constraints": [],
            "proxy_configuration": [],
            "requires_compatibilities": [
              "FARGATE"
            ],
            "revision": 56,
            "tags": {},
            "task_role_arn": "arn:aws:iam::825035861533:role/ecs_task_execution",
            "volume": []
          },
          "sensitive_attributes": [],
          "private": "eyJzY2hlbWFfdmVyc2lvbiI6IjEifQ==",
          "dependencies": [
            "module.ecs.aws_iam_role.ecs_task_execution",
            "module.ecs.data.aws_iam_policy_document.assume_role_policy"
          ]
        }
      ]
    },
    {
      "module": "module.ecs",
      "mode": "managed",
      "type": "aws_iam_policy",
      "name": "ecs_task_execution_role_policy",
      "provider": "provider[\"registry.terraform.io/hashicorp/aws\"]",
      "instances": [
        {
          "schema_version": 0,
          "attributes": {
            "arn": "arn:aws:iam::825035861533:policy/service-role/AmazonECSTaskExecutionRolePolicy",
            "description": "Provides access to other AWS service resources that are required to run Amazon ECS tasks",
            "id": "arn:aws:iam::825035861533:policy/service-role/AmazonECSTaskExecutionRolePolicy",
            "name": "AmazonECSTaskExecutionRolePolicy",
            "name_prefix": null,
            "path": "/service-role/",
            "policy": "{\r\n  \"Version\": \"2012-10-17\",\r\n  \"Statement\": [\r\n      {\r\n          \"Effect\": \"Allow\",\r\n          \"Action\": [\r\n              \"ecr:GetAuthorizationToken\",\r\n              \"ecr:BatchCheckLayerAvailability\",\r\n              \"ecr:GetDownloadUrlForLayer\",\r\n              \"ecr:BatchGetImage\",\r\n              \"logs:CreateLogStream\",\r\n              \"logs:PutLogEvents\"\r\n          ],\r\n          \"Resource\": \"*\"\r\n      }\r\n  ]\r\n}\r\n",
            "policy_id": "ANPA4AF7YFYO5GX3XWQVB",
            "tags": {}
          },
          "sensitive_attributes": [],
          "private": "bnVsbA=="
        }
      ]
    },
    {
      "module": "module.ecs",
      "mode": "managed",
      "type": "aws_iam_role",
      "name": "ecs_task_execution",
      "provider": "provider[\"registry.terraform.io/hashicorp/aws\"]",
      "instances": [
        {
          "schema_version": 0,
          "attributes": {
            "arn": "arn:aws:iam::825035861533:role/ecs_task_execution",
            "assume_role_policy": "{\"Version\":\"2012-10-17\",\"Statement\":[{\"Sid\":\"\",\"Effect\":\"Allow\",\"Principal\":{\"Service\":\"ecs-tasks.amazonaws.com\"},\"Action\":\"sts:AssumeRole\"}]}",
            "create_date": "2021-04-14T09:06:54Z",
            "description": "",
            "force_detach_policies": false,
            "id": "ecs_task_execution",
            "inline_policy": [
              {
                "name": "",
                "policy": ""
              }
            ],
            "managed_policy_arns": [
              "arn:aws:iam::825035861533:policy/service-role/AmazonECSTaskExecutionRolePolicy"
            ],
            "max_session_duration": 3600,
            "name": "ecs_task_execution",
            "name_prefix": null,
            "path": "/",
            "permissions_boundary": null,
            "tags": {},
            "unique_id": "AROA4AF7YFYOVD7MKEYLS"
          },
          "sensitive_attributes": [],
          "private": "bnVsbA==",
          "dependencies": [
            "module.ecs.data.aws_iam_policy_document.assume_role_policy"
          ]
        }
      ]
    },
    {
      "module": "module.ecs",
      "mode": "managed",
      "type": "aws_iam_role_policy_attachment",
      "name": "ecs_task_execution_role_policy_attach",
      "provider": "provider[\"registry.terraform.io/hashicorp/aws\"]",
      "instances": [
        {
          "schema_version": 0,
          "attributes": {
            "id": "ecs_task_execution-2021041409070083000000000f",
            "policy_arn": "arn:aws:iam::825035861533:policy/service-role/AmazonECSTaskExecutionRolePolicy",
            "role": "ecs_task_execution"
          },
          "sensitive_attributes": [],
          "private": "bnVsbA==",
          "dependencies": [
            "module.ecs.aws_iam_policy.ecs_task_execution_role_policy",
            "module.ecs.aws_iam_role.ecs_task_execution",
            "module.ecs.data.aws_iam_policy_document.assume_role_policy"
          ]
        }
      ]
    },
    {
      "module": "module.endp",
      "mode": "managed",
      "type": "aws_vpc_endpoint",
      "name": "dkr",
      "provider": "provider[\"registry.terraform.io/hashicorp/aws\"]",
      "instances": [
        {
          "schema_version": 0,
          "attributes": {
            "arn": "arn:aws:ec2:us-east-2:825035861533:vpc-endpoint/vpce-08ed1b2ac2ced3a22",
            "auto_accept": null,
            "cidr_blocks": [],
            "dns_entry": [
              {
                "dns_name": "vpce-08ed1b2ac2ced3a22-k01seftn.dkr.ecr.us-east-2.vpce.amazonaws.com",
                "hosted_zone_id": "ZC8PG0KIFKBRI"
              },
              {
                "dns_name": "vpce-08ed1b2ac2ced3a22-k01seftn-us-east-2b.dkr.ecr.us-east-2.vpce.amazonaws.com",
                "hosted_zone_id": "ZC8PG0KIFKBRI"
              }
            ],
            "id": "vpce-08ed1b2ac2ced3a22",
            "network_interface_ids": [
              "eni-054ba864bb6a5dbfe"
            ],
            "owner_id": "825035861533",
            "policy": "{\"Statement\":[{\"Action\":\"*\",\"Effect\":\"Allow\",\"Principal\":\"*\",\"Resource\":\"*\"}]}",
            "prefix_list_id": null,
            "private_dns_enabled": false,
            "requester_managed": false,
            "route_table_ids": [],
            "security_group_ids": [
              "sg-0a9882cbd715db659"
            ],
            "service_name": "com.amazonaws.us-east-2.ecr.dkr",
            "state": "available",
            "subnet_ids": [
              "subnet-0d01a1488ec5d35eb"
            ],
            "tags": {
              "Environment": "dev",
              "Name": "dkr-endpoint"
            },
            "timeouts": null,
            "vpc_endpoint_type": "Interface",
            "vpc_id": "vpc-0bca5035d202f6b5c"
          },
          "sensitive_attributes": [],
          "private": "eyJlMmJmYjczMC1lY2FhLTExZTYtOGY4OC0zNDM2M2JjN2M0YzAiOnsiY3JlYXRlIjo2MDAwMDAwMDAwMDAsImRlbGV0ZSI6NjAwMDAwMDAwMDAwLCJ1cGRhdGUiOjYwMDAwMDAwMDAwMH19",
          "dependencies": [
            "module.vpc.aws_security_group.aws_security_group",
            "module.vpc.aws_subnet.private_subnet_b",
            "module.vpc.aws_vpc.aws_vpc"
          ]
        }
      ]
    },
    {
      "module": "module.endp",
      "mode": "managed",
      "type": "aws_vpc_endpoint",
      "name": "s3",
      "provider": "provider[\"registry.terraform.io/hashicorp/aws\"]",
      "instances": [
        {
          "schema_version": 0,
          "attributes": {
            "arn": "arn:aws:ec2:us-east-2:825035861533:vpc-endpoint/vpce-0b964208cc2b8abde",
            "auto_accept": null,
            "cidr_blocks": [
              "52.219.80.0/20",
              "3.5.128.0/22",
              "3.5.132.0/23",
              "52.219.96.0/20"
            ],
            "dns_entry": [],
            "id": "vpce-0b964208cc2b8abde",
            "network_interface_ids": [],
            "owner_id": "825035861533",
            "policy": "{\"Statement\":[{\"Action\":\"*\",\"Effect\":\"Allow\",\"Principal\":\"*\",\"Resource\":\"*\"}],\"Version\":\"2008-10-17\"}",
            "prefix_list_id": "pl-7ba54012",
            "private_dns_enabled": false,
            "requester_managed": false,
            "route_table_ids": [
              "rtb-0ab3653726d4a7076"
            ],
            "security_group_ids": [],
            "service_name": "com.amazonaws.us-east-2.s3",
            "state": "available",
            "subnet_ids": [],
            "tags": {
              "Environment": "dev",
              "Name": "s3-endpoint"
            },
            "timeouts": null,
            "vpc_endpoint_type": "Gateway",
            "vpc_id": "vpc-0bca5035d202f6b5c"
          },
          "sensitive_attributes": [],
          "private": "eyJlMmJmYjczMC1lY2FhLTExZTYtOGY4OC0zNDM2M2JjN2M0YzAiOnsiY3JlYXRlIjo2MDAwMDAwMDAwMDAsImRlbGV0ZSI6NjAwMDAwMDAwMDAwLCJ1cGRhdGUiOjYwMDAwMDAwMDAwMH19",
          "dependencies": [
            "module.vpc.aws_eip.aws_eip2",
            "module.vpc.aws_internet_gateway.gw",
            "module.vpc.aws_nat_gateway.aws_nat_gateway2",
            "module.vpc.aws_route_table.rtp2",
            "module.vpc.aws_subnet.public_subnet_b",
            "module.vpc.aws_vpc.aws_vpc"
          ]
        }
      ]
    },
    {
      "module": "module.vpc",
      "mode": "managed",
      "type": "aws_default_route_table",
      "name": "rtpub",
      "provider": "provider[\"registry.terraform.io/hashicorp/aws\"]",
      "instances": [
        {
          "schema_version": 0,
          "attributes": {
            "arn": "arn:aws:ec2:us-east-2:825035861533:route-table/rtb-00104579aa7d27431",
            "default_route_table_id": "rtb-00104579aa7d27431",
            "id": "rtb-00104579aa7d27431",
            "owner_id": "825035861533",
            "propagating_vgws": [],
            "route": [
              {
                "cidr_block": "0.0.0.0/0",
                "destination_prefix_list_id": "",
                "egress_only_gateway_id": "",
                "gateway_id": "igw-0bd97821bdde06d96",
                "instance_id": "",
                "ipv6_cidr_block": "",
                "nat_gateway_id": "",
                "network_interface_id": "",
                "transit_gateway_id": "",
                "vpc_endpoint_id": "",
                "vpc_peering_connection_id": ""
              }
            ],
            "tags": {
              "Name": "RTT"
            },
            "vpc_id": "vpc-0bca5035d202f6b5c"
          },
          "sensitive_attributes": [],
          "private": "bnVsbA==",
          "dependencies": [
            "module.vpc.aws_internet_gateway.gw",
            "module.vpc.aws_vpc.aws_vpc"
          ]
        }
      ]
    },
    {
      "module": "module.vpc",
      "mode": "managed",
      "type": "aws_eip",
      "name": "aws_eip",
      "provider": "provider[\"registry.terraform.io/hashicorp/aws\"]",
      "instances": [
        {
          "schema_version": 0,
          "attributes": {
            "allocation_id": null,
            "associate_with_private_ip": null,
            "association_id": "eipassoc-09225bfaa6f857514",
            "carrier_ip": "",
            "customer_owned_ip": "",
            "customer_owned_ipv4_pool": "",
            "domain": "vpc",
            "id": "eipalloc-067ee4fff5fe175de",
            "instance": "",
            "network_border_group": "us-east-2",
            "network_interface": "eni-011e5ef067a7b78b0",
            "private_dns": "ip-10-0-3-40.us-east-2.compute.internal",
            "private_ip": "10.0.3.40",
            "public_dns": "ec2-3-141-184-236.us-east-2.compute.amazonaws.com",
            "public_ip": "3.141.184.236",
            "public_ipv4_pool": "amazon",
            "tags": {},
            "timeouts": null,
            "vpc": true
          },
          "sensitive_attributes": [],
          "private": "eyJlMmJmYjczMC1lY2FhLTExZTYtOGY4OC0zNDM2M2JjN2M0YzAiOnsiZGVsZXRlIjoxODAwMDAwMDAwMDAsInJlYWQiOjkwMDAwMDAwMDAwMCwidXBkYXRlIjozMDAwMDAwMDAwMDB9fQ==",
          "dependencies": [
            "module.vpc.aws_internet_gateway.gw",
            "module.vpc.aws_vpc.aws_vpc"
          ]
        }
      ]
    },
    {
      "module": "module.vpc",
      "mode": "managed",
      "type": "aws_eip",
      "name": "aws_eip2",
      "provider": "provider[\"registry.terraform.io/hashicorp/aws\"]",
      "instances": [
        {
          "schema_version": 0,
          "attributes": {
            "allocation_id": null,
            "associate_with_private_ip": null,
            "association_id": "eipassoc-066b17f3f1019fd8f",
            "carrier_ip": "",
            "customer_owned_ip": "",
            "customer_owned_ipv4_pool": "",
            "domain": "vpc",
            "id": "eipalloc-0a9206212b52b0c40",
            "instance": "",
            "network_border_group": "us-east-2",
            "network_interface": "eni-069b283b9e4e48ea0",
            "private_dns": "ip-10-0-4-208.us-east-2.compute.internal",
            "private_ip": "10.0.4.208",
            "public_dns": "ec2-3-17-225-233.us-east-2.compute.amazonaws.com",
            "public_ip": "3.17.225.233",
            "public_ipv4_pool": "amazon",
            "tags": {},
            "timeouts": null,
            "vpc": true
          },
          "sensitive_attributes": [],
          "private": "eyJlMmJmYjczMC1lY2FhLTExZTYtOGY4OC0zNDM2M2JjN2M0YzAiOnsiZGVsZXRlIjoxODAwMDAwMDAwMDAsInJlYWQiOjkwMDAwMDAwMDAwMCwidXBkYXRlIjozMDAwMDAwMDAwMDB9fQ==",
          "dependencies": [
            "module.vpc.aws_internet_gateway.gw",
            "module.vpc.aws_vpc.aws_vpc"
          ]
        }
      ]
    },
    {
      "module": "module.vpc",
      "mode": "managed",
      "type": "aws_internet_gateway",
      "name": "gw",
      "provider": "provider[\"registry.terraform.io/hashicorp/aws\"]",
      "instances": [
        {
          "schema_version": 0,
          "attributes": {
            "arn": "arn:aws:ec2:us-east-2:825035861533:internet-gateway/igw-0bd97821bdde06d96",
            "id": "igw-0bd97821bdde06d96",
            "owner_id": "825035861533",
            "tags": {
              "Name": "Internet-gateway"
            },
            "vpc_id": "vpc-0bca5035d202f6b5c"
          },
          "sensitive_attributes": [],
          "private": "bnVsbA==",
          "dependencies": [
            "module.vpc.aws_vpc.aws_vpc"
          ]
        }
      ]
    },
    {
      "module": "module.vpc",
      "mode": "managed",
      "type": "aws_nat_gateway",
      "name": "aws_nat_gateway1",
      "provider": "provider[\"registry.terraform.io/hashicorp/aws\"]",
      "instances": [
        {
          "schema_version": 0,
          "attributes": {
            "allocation_id": "eipalloc-067ee4fff5fe175de",
            "id": "nat-0e1801574ca532ec0",
            "network_interface_id": "eni-011e5ef067a7b78b0",
            "private_ip": "10.0.3.40",
            "public_ip": "3.141.184.236",
            "subnet_id": "subnet-01dab02acc7186542",
            "tags": {
              "Name": "Nat_for_A"
            }
          },
          "sensitive_attributes": [],
          "private": "bnVsbA==",
          "dependencies": [
            "module.vpc.aws_eip.aws_eip",
            "module.vpc.aws_internet_gateway.gw",
            "module.vpc.aws_subnet.public_subnet_a",
            "module.vpc.aws_vpc.aws_vpc"
          ]
        }
      ]
    },
    {
      "module": "module.vpc",
      "mode": "managed",
      "type": "aws_nat_gateway",
      "name": "aws_nat_gateway2",
      "provider": "provider[\"registry.terraform.io/hashicorp/aws\"]",
      "instances": [
        {
          "schema_version": 0,
          "attributes": {
            "allocation_id": "eipalloc-0a9206212b52b0c40",
            "id": "nat-0f158bca2a09647ac",
            "network_interface_id": "eni-069b283b9e4e48ea0",
            "private_ip": "10.0.4.208",
            "public_ip": "3.17.225.233",
            "subnet_id": "subnet-0d1f287aba10d0ca7",
            "tags": {
              "Name": "Nat_for_B"
            }
          },
          "sensitive_attributes": [],
          "private": "bnVsbA==",
          "dependencies": [
            "module.vpc.aws_eip.aws_eip2",
            "module.vpc.aws_internet_gateway.gw",
            "module.vpc.aws_subnet.public_subnet_b",
            "module.vpc.aws_vpc.aws_vpc"
          ]
        }
      ]
    },
    {
      "module": "module.vpc",
      "mode": "managed",
      "type": "aws_route_table",
      "name": "rtp",
      "provider": "provider[\"registry.terraform.io/hashicorp/aws\"]",
      "instances": [
        {
          "schema_version": 0,
          "attributes": {
            "arn": "arn:aws:ec2:us-east-2:825035861533:route-table/rtb-05499574d94988f59",
            "id": "rtb-05499574d94988f59",
            "owner_id": "825035861533",
            "propagating_vgws": [],
            "route": [
              {
                "carrier_gateway_id": "",
                "cidr_block": "0.0.0.0/0",
                "destination_prefix_list_id": "",
                "egress_only_gateway_id": "",
                "gateway_id": "",
                "instance_id": "",
                "ipv6_cidr_block": "",
                "local_gateway_id": "",
                "nat_gateway_id": "nat-0e1801574ca532ec0",
                "network_interface_id": "",
                "transit_gateway_id": "",
                "vpc_endpoint_id": "",
                "vpc_peering_connection_id": ""
              }
            ],
            "tags": {
              "Name": "RT"
            },
            "vpc_id": "vpc-0bca5035d202f6b5c"
          },
          "sensitive_attributes": [],
          "private": "bnVsbA==",
          "dependencies": [
            "module.vpc.aws_eip.aws_eip",
            "module.vpc.aws_internet_gateway.gw",
            "module.vpc.aws_nat_gateway.aws_nat_gateway1",
            "module.vpc.aws_subnet.public_subnet_a",
            "module.vpc.aws_vpc.aws_vpc"
          ]
        }
      ]
    },
    {
      "module": "module.vpc",
      "mode": "managed",
      "type": "aws_route_table",
      "name": "rtp2",
      "provider": "provider[\"registry.terraform.io/hashicorp/aws\"]",
      "instances": [
        {
          "schema_version": 0,
          "attributes": {
            "arn": "arn:aws:ec2:us-east-2:825035861533:route-table/rtb-0ab3653726d4a7076",
            "id": "rtb-0ab3653726d4a7076",
            "owner_id": "825035861533",
            "propagating_vgws": [],
            "route": [
              {
                "carrier_gateway_id": "",
                "cidr_block": "0.0.0.0/0",
                "destination_prefix_list_id": "",
                "egress_only_gateway_id": "",
                "gateway_id": "",
                "instance_id": "",
                "ipv6_cidr_block": "",
                "local_gateway_id": "",
                "nat_gateway_id": "nat-0f158bca2a09647ac",
                "network_interface_id": "",
                "transit_gateway_id": "",
                "vpc_endpoint_id": "",
                "vpc_peering_connection_id": ""
              }
            ],
            "tags": {
              "Name": "RT2"
            },
            "vpc_id": "vpc-0bca5035d202f6b5c"
          },
          "sensitive_attributes": [],
          "private": "bnVsbA==",
          "dependencies": [
            "module.vpc.aws_eip.aws_eip2",
            "module.vpc.aws_internet_gateway.gw",
            "module.vpc.aws_nat_gateway.aws_nat_gateway2",
            "module.vpc.aws_subnet.public_subnet_b",
            "module.vpc.aws_vpc.aws_vpc"
          ]
        }
      ]
    },
    {
      "module": "module.vpc",
      "mode": "managed",
      "type": "aws_route_table_association",
      "name": "association",
      "provider": "provider[\"registry.terraform.io/hashicorp/aws\"]",
      "instances": [
        {
          "schema_version": 0,
          "attributes": {
            "gateway_id": null,
            "id": "rtbassoc-0beb7d9092e2c510e",
            "route_table_id": "rtb-00104579aa7d27431",
            "subnet_id": "subnet-01dab02acc7186542"
          },
          "sensitive_attributes": [],
          "private": "bnVsbA==",
          "dependencies": [
            "module.vpc.aws_default_route_table.rtpub",
            "module.vpc.aws_internet_gateway.gw",
            "module.vpc.aws_subnet.public_subnet_a",
            "module.vpc.aws_vpc.aws_vpc"
          ]
        }
      ]
    },
    {
      "module": "module.vpc",
      "mode": "managed",
      "type": "aws_route_table_association",
      "name": "association2",
      "provider": "provider[\"registry.terraform.io/hashicorp/aws\"]",
      "instances": [
        {
          "schema_version": 0,
          "attributes": {
            "gateway_id": null,
            "id": "rtbassoc-0fd15f86154c65500",
            "route_table_id": "rtb-05499574d94988f59",
            "subnet_id": "subnet-020faf2122506723f"
          },
          "sensitive_attributes": [],
          "private": "bnVsbA==",
          "dependencies": [
            "module.vpc.aws_eip.aws_eip",
            "module.vpc.aws_internet_gateway.gw",
            "module.vpc.aws_nat_gateway.aws_nat_gateway1",
            "module.vpc.aws_route_table.rtp",
            "module.vpc.aws_subnet.private_subnet_a",
            "module.vpc.aws_subnet.public_subnet_a",
            "module.vpc.aws_vpc.aws_vpc"
          ]
        }
      ]
    },
    {
      "module": "module.vpc",
      "mode": "managed",
      "type": "aws_route_table_association",
      "name": "association3",
      "provider": "provider[\"registry.terraform.io/hashicorp/aws\"]",
      "instances": [
        {
          "schema_version": 0,
          "attributes": {
            "gateway_id": null,
            "id": "rtbassoc-0e819de359730a503",
            "route_table_id": "rtb-00104579aa7d27431",
            "subnet_id": "subnet-0d1f287aba10d0ca7"
          },
          "sensitive_attributes": [],
          "private": "bnVsbA==",
          "dependencies": [
            "module.vpc.aws_default_route_table.rtpub",
            "module.vpc.aws_internet_gateway.gw",
            "module.vpc.aws_subnet.public_subnet_b",
            "module.vpc.aws_vpc.aws_vpc"
          ]
        }
      ]
    },
    {
      "module": "module.vpc",
      "mode": "managed",
      "type": "aws_route_table_association",
      "name": "association4",
      "provider": "provider[\"registry.terraform.io/hashicorp/aws\"]",
      "instances": [
        {
          "schema_version": 0,
          "attributes": {
            "gateway_id": null,
            "id": "rtbassoc-03672f7b0ea16c5b0",
            "route_table_id": "rtb-0ab3653726d4a7076",
            "subnet_id": "subnet-0d01a1488ec5d35eb"
          },
          "sensitive_attributes": [],
          "private": "bnVsbA==",
          "dependencies": [
            "module.vpc.aws_eip.aws_eip2",
            "module.vpc.aws_internet_gateway.gw",
            "module.vpc.aws_nat_gateway.aws_nat_gateway2",
            "module.vpc.aws_route_table.rtp2",
            "module.vpc.aws_subnet.private_subnet_b",
            "module.vpc.aws_subnet.public_subnet_b",
            "module.vpc.aws_vpc.aws_vpc"
          ]
        }
      ]
    },
    {
      "module": "module.vpc",
      "mode": "managed",
      "type": "aws_security_group",
      "name": "aws_security_group",
      "provider": "provider[\"registry.terraform.io/hashicorp/aws\"]",
      "instances": [
        {
          "schema_version": 1,
          "attributes": {
            "arn": "arn:aws:ec2:us-east-2:825035861533:security-group/sg-0a9882cbd715db659",
            "description": "Managed by Terraform",
            "egress": [
              {
                "cidr_blocks": [
                  "0.0.0.0/0"
                ],
                "description": "",
                "from_port": 0,
                "ipv6_cidr_blocks": [],
                "prefix_list_ids": [],
                "protocol": "-1",
                "security_groups": [],
                "self": false,
                "to_port": 0
              }
            ],
            "id": "sg-0a9882cbd715db659",
            "ingress": [
              {
                "cidr_blocks": [
                  "0.0.0.0/0"
                ],
                "description": "",
                "from_port": 22,
                "ipv6_cidr_blocks": [],
                "prefix_list_ids": [],
                "protocol": "tcp",
                "security_groups": [],
                "self": false,
                "to_port": 22
              },
              {
                "cidr_blocks": [
                  "0.0.0.0/0"
                ],
                "description": "",
                "from_port": 443,
                "ipv6_cidr_blocks": [],
                "prefix_list_ids": [],
                "protocol": "tcp",
                "security_groups": [],
                "self": false,
                "to_port": 443
              },
              {
                "cidr_blocks": [
                  "0.0.0.0/0"
                ],
                "description": "",
                "from_port": 80,
                "ipv6_cidr_blocks": [],
                "prefix_list_ids": [],
                "protocol": "tcp",
                "security_groups": [],
                "self": false,
                "to_port": 80
              }
            ],
            "name": "terraform-20210414090703180100000010",
            "name_prefix": "terraform-",
            "owner_id": "825035861533",
            "revoke_rules_on_delete": false,
            "tags": {},
            "timeouts": null,
            "vpc_id": "vpc-0bca5035d202f6b5c"
          },
          "sensitive_attributes": [],
          "private": "eyJlMmJmYjczMC1lY2FhLTExZTYtOGY4OC0zNDM2M2JjN2M0YzAiOnsiY3JlYXRlIjo2MDAwMDAwMDAwMDAsImRlbGV0ZSI6OTAwMDAwMDAwMDAwfSwic2NoZW1hX3ZlcnNpb24iOiIxIn0=",
          "dependencies": [
            "module.vpc.aws_vpc.aws_vpc"
          ],
          "create_before_destroy": true
        }
      ]
    },
    {
      "module": "module.vpc",
      "mode": "managed",
      "type": "aws_subnet",
      "name": "private_subnet_a",
      "provider": "provider[\"registry.terraform.io/hashicorp/aws\"]",
      "instances": [
        {
          "schema_version": 1,
          "attributes": {
            "arn": "arn:aws:ec2:us-east-2:825035861533:subnet/subnet-020faf2122506723f",
            "assign_ipv6_address_on_creation": false,
            "availability_zone": "us-east-2a",
            "availability_zone_id": "use2-az1",
            "cidr_block": "10.0.8.0/22",
            "customer_owned_ipv4_pool": "",
            "id": "subnet-020faf2122506723f",
            "ipv6_cidr_block": "",
            "ipv6_cidr_block_association_id": "",
            "map_customer_owned_ip_on_launch": false,
            "map_public_ip_on_launch": false,
            "outpost_arn": "",
            "owner_id": "825035861533",
            "tags": {
              "Name": "Private_subnet_a"
            },
            "tags_all": {
              "Name": "Private_subnet_a"
            },
            "timeouts": null,
            "vpc_id": "vpc-0bca5035d202f6b5c"
          },
          "sensitive_attributes": [],
          "private": "eyJlMmJmYjczMC1lY2FhLTExZTYtOGY4OC0zNDM2M2JjN2M0YzAiOnsiY3JlYXRlIjo2MDAwMDAwMDAwMDAsImRlbGV0ZSI6MTIwMDAwMDAwMDAwMH0sInNjaGVtYV92ZXJzaW9uIjoiMSJ9",
          "dependencies": [
            "module.vpc.aws_vpc.aws_vpc"
          ]
        }
      ]
    },
    {
      "module": "module.vpc",
      "mode": "managed",
      "type": "aws_subnet",
      "name": "private_subnet_b",
      "provider": "provider[\"registry.terraform.io/hashicorp/aws\"]",
      "instances": [
        {
          "schema_version": 1,
          "attributes": {
            "arn": "arn:aws:ec2:us-east-2:825035861533:subnet/subnet-0d01a1488ec5d35eb",
            "assign_ipv6_address_on_creation": false,
            "availability_zone": "us-east-2b",
            "availability_zone_id": "use2-az2",
            "cidr_block": "10.0.12.0/22",
            "customer_owned_ipv4_pool": "",
            "id": "subnet-0d01a1488ec5d35eb",
            "ipv6_cidr_block": "",
            "ipv6_cidr_block_association_id": "",
            "map_customer_owned_ip_on_launch": false,
            "map_public_ip_on_launch": false,
            "outpost_arn": "",
            "owner_id": "825035861533",
            "tags": {
              "Name": "Private_subnet_b"
            },
            "tags_all": {
              "Name": "Private_subnet_b"
            },
            "timeouts": null,
            "vpc_id": "vpc-0bca5035d202f6b5c"
          },
          "sensitive_attributes": [],
          "private": "eyJlMmJmYjczMC1lY2FhLTExZTYtOGY4OC0zNDM2M2JjN2M0YzAiOnsiY3JlYXRlIjo2MDAwMDAwMDAwMDAsImRlbGV0ZSI6MTIwMDAwMDAwMDAwMH0sInNjaGVtYV92ZXJzaW9uIjoiMSJ9",
          "dependencies": [
            "module.vpc.aws_vpc.aws_vpc"
          ]
        }
      ]
    },
    {
      "module": "module.vpc",
      "mode": "managed",
      "type": "aws_subnet",
      "name": "public_subnet_a",
      "provider": "provider[\"registry.terraform.io/hashicorp/aws\"]",
      "instances": [
        {
          "schema_version": 1,
          "attributes": {
            "arn": "arn:aws:ec2:us-east-2:825035861533:subnet/subnet-01dab02acc7186542",
            "assign_ipv6_address_on_creation": false,
            "availability_zone": "us-east-2a",
            "availability_zone_id": "use2-az1",
            "cidr_block": "10.0.0.0/22",
            "customer_owned_ipv4_pool": "",
            "id": "subnet-01dab02acc7186542",
            "ipv6_cidr_block": "",
            "ipv6_cidr_block_association_id": "",
            "map_customer_owned_ip_on_launch": false,
            "map_public_ip_on_launch": true,
            "outpost_arn": "",
            "owner_id": "825035861533",
            "tags": {
              "Name": "Public_subnet_a"
            },
            "tags_all": {
              "Name": "Public_subnet_a"
            },
            "timeouts": null,
            "vpc_id": "vpc-0bca5035d202f6b5c"
          },
          "sensitive_attributes": [],
          "private": "eyJlMmJmYjczMC1lY2FhLTExZTYtOGY4OC0zNDM2M2JjN2M0YzAiOnsiY3JlYXRlIjo2MDAwMDAwMDAwMDAsImRlbGV0ZSI6MTIwMDAwMDAwMDAwMH0sInNjaGVtYV92ZXJzaW9uIjoiMSJ9",
          "dependencies": [
            "module.vpc.aws_vpc.aws_vpc"
          ]
        }
      ]
    },
    {
      "module": "module.vpc",
      "mode": "managed",
      "type": "aws_subnet",
      "name": "public_subnet_b",
      "provider": "provider[\"registry.terraform.io/hashicorp/aws\"]",
      "instances": [
        {
          "schema_version": 1,
          "attributes": {
            "arn": "arn:aws:ec2:us-east-2:825035861533:subnet/subnet-0d1f287aba10d0ca7",
            "assign_ipv6_address_on_creation": false,
            "availability_zone": "us-east-2b",
            "availability_zone_id": "use2-az2",
            "cidr_block": "10.0.4.0/22",
            "customer_owned_ipv4_pool": "",
            "id": "subnet-0d1f287aba10d0ca7",
            "ipv6_cidr_block": "",
            "ipv6_cidr_block_association_id": "",
            "map_customer_owned_ip_on_launch": false,
            "map_public_ip_on_launch": true,
            "outpost_arn": "",
            "owner_id": "825035861533",
            "tags": {
              "Name": "Public_subnet_b"
            },
            "tags_all": {
              "Name": "Public_subnet_b"
            },
            "timeouts": null,
            "vpc_id": "vpc-0bca5035d202f6b5c"
          },
          "sensitive_attributes": [],
          "private": "eyJlMmJmYjczMC1lY2FhLTExZTYtOGY4OC0zNDM2M2JjN2M0YzAiOnsiY3JlYXRlIjo2MDAwMDAwMDAwMDAsImRlbGV0ZSI6MTIwMDAwMDAwMDAwMH0sInNjaGVtYV92ZXJzaW9uIjoiMSJ9",
          "dependencies": [
            "module.vpc.aws_vpc.aws_vpc"
          ]
        }
      ]
    },
    {
      "module": "module.vpc",
      "mode": "managed",
      "type": "aws_vpc",
      "name": "aws_vpc",
      "provider": "provider[\"registry.terraform.io/hashicorp/aws\"]",
      "instances": [
        {
          "schema_version": 1,
          "attributes": {
            "arn": "arn:aws:ec2:us-east-2:825035861533:vpc/vpc-0bca5035d202f6b5c",
            "assign_generated_ipv6_cidr_block": false,
            "cidr_block": "10.0.0.0/20",
            "default_network_acl_id": "acl-0e8ae6b3eccf555f9",
            "default_route_table_id": "rtb-00104579aa7d27431",
            "default_security_group_id": "sg-05024dd22514a53e2",
            "dhcp_options_id": "dopt-72b82519",
            "enable_classiclink": null,
            "enable_classiclink_dns_support": null,
            "enable_dns_hostnames": false,
            "enable_dns_support": true,
            "id": "vpc-0bca5035d202f6b5c",
            "instance_tenancy": "default",
            "ipv6_association_id": "",
            "ipv6_cidr_block": "",
            "main_route_table_id": "rtb-00104579aa7d27431",
            "owner_id": "825035861533",
            "tags": {
              "Name": "dev_youtube-vpc"
            },
            "tags_all": {
              "Name": "dev_youtube-vpc"
            }
          },
          "sensitive_attributes": [],
          "private": "eyJzY2hlbWFfdmVyc2lvbiI6IjEifQ==",
          "create_before_destroy": true
        }
      ]
    }
  ]
}
